
Microsoft Visual Studio Solution File, Format Version 12.00
Project("{FAE04EC0-301F-11D3-BF4B-00C04F79EFBC}") = "RepCortex.API", "RepCortex.API\RepCortex.API.csproj", "{749EE865-E1F4-4F37-BD00-6E0A353CC4F2}"
EndProject
Project("{FAE04EC0-301F-11D3-BF4B-00C04F79EFBC}") = "RepCortex.Tests", "RepCortex.Tests\RepCortex.Tests.csproj", "{9FE65F14-E07F-4493-A85F-4E0C5A0ACE30}"
EndProject
Global
	GlobalSection(SolutionConfigurationPlatforms) = preSolution
		Debug|Any CPU = Debug|Any CPU
		Release|Any CPU = Release|Any CPU
	EndGlobalSection
	GlobalSection(ProjectConfigurationPlatforms) = postSolution
		{749EE865-E1F4-4F37-BD00-6E0A353CC4F2}.Debug|Any CPU.ActiveCfg = Debug|Any CPU
		{749EE865-E1F4-4F37-BD00-6E0A353CC4F2}.Debug|Any CPU.Build.0 = Debug|Any CPU
		{749EE865-E1F4-4F37-BD00-6E0A353CC4F2}.Release|Any CPU.ActiveCfg = Release|Any CPU
		{749EE865-E1F4-4F37-BD00-6E0A353CC4F2}.Release|Any CPU.Build.0 = Release|Any CPU
		{9FE65F14-E07F-4493-A85F-4E0C5A0ACE30}.Debug|Any CPU.ActiveCfg = Debug|Any CPU
		{9FE65F14-E07F-4493-A85F-4E0C5A0ACE30}.Debug|Any CPU.Build.0 = Debug|Any CPU
		{9FE65F14-E07F-4493-A85F-4E0C5A0ACE30}.Release|Any CPU.ActiveCfg = Release|Any CPU
		{9FE65F14-E07F-4493-A85F-4E0C5A0ACE30}.Release|Any CPU.Build.0 = Release|Any CPU
	EndGlobalSection
	GlobalSection(SolutionProperties) = preSolution
		HideSolutionNode = FALSE
	EndGlobalSection
EndGlobal
